
Microsoft Visual Studio Solution File, Format Version 12.00
# Visual Studio Version 17
VisualStudioVersion = 17.4.33122.133
MinimumVisualStudioVersion = 10.0.40219.1
Project("{FAE04EC0-301F-11D3-BF4B-00C04F79EFBC}") = "HelloFromCSharp", "HelloFromCSharp\HelloFromCSharp.csproj", "{4CF72EE6-686F-4DAC-B36E-47BB14BEC4EB}"
EndProject
Global
	GlobalSection(SolutionConfigurationPlatforms) = preSolution
		Debug|Any CPU = Debug|Any CPU
		Release|Any CPU = Release|Any CPU
	EndGlobalSection
	GlobalSection(ProjectConfigurationPlatforms) = postSolution
		{4CF72EE6-686F-4DAC-B36E-47BB14BEC4EB}.Debug|Any CPU.ActiveCfg = Debug|Any CPU
		{4CF72EE6-686F-4DAC-B36E-47BB14BEC4EB}.Debug|Any CPU.Build.0 = Debug|Any CPU
		{4CF72EE6-686F-4DAC-B36E-47BB14BEC4EB}.Release|Any CPU.ActiveCfg = Release|Any CPU
		{4CF72EE6-686F-4DAC-B36E-47BB14BEC4EB}.Release|Any CPU.Build.0 = Release|Any CPU
	EndGlobalSection
	GlobalSection(SolutionProperties) = preSolution
		HideSolutionNode = FALSE
	EndGlobalSection
	GlobalSection(ExtensibilityGlobals) = postSolution
		SolutionGuid = {F056DE48-FAC2-4B0C-953B-77D69FEFC40B}
	EndGlobalSection
EndGlobal
